
Microsoft Visual Studio Solution File, Format Version 12.00
# Visual Studio Version 17
VisualStudioVersion = 17.9.34728.123
MinimumVisualStudioVersion = 10.0.40219.1
Project("{FAE04EC0-301F-11D3-BF4B-00C04F79EFBC}") = "Hangfire", "Hangfire.csproj", "{611EB769-1316-47F8-9209-7B46CAACDD48}"
EndProject
Global
	GlobalSection(SolutionConfigurationPlatforms) = preSolution
		Debug|Any CPU = Debug|Any CPU
		Release|Any CPU = Release|Any CPU
	EndGlobalSection
	GlobalSection(ProjectConfigurationPlatforms) = postSolution
		{611EB769-1316-47F8-9209-7B46CAACDD48}.Debug|Any CPU.ActiveCfg = Debug|Any CPU
		{611EB769-1316-47F8-9209-7B46CAACDD48}.Debug|Any CPU.Build.0 = Debug|Any CPU
		{611EB769-1316-47F8-9209-7B46CAACDD48}.Release|Any CPU.ActiveCfg = Release|Any CPU
		{611EB769-1316-47F8-9209-7B46CAACDD48}.Release|Any CPU.Build.0 = Release|Any CPU
	EndGlobalSection
	GlobalSection(SolutionProperties) = preSolution
		HideSolutionNode = FALSE
	EndGlobalSection
	GlobalSection(ExtensibilityGlobals) = postSolution
		SolutionGuid = {FC6BB648-0DDC-4642-8766-FB6FAA5AA02B}
	EndGlobalSection
EndGlobal
